// !$*UTF8*$!
{
	archiveVersion = 1;
	classes = {
	};
	objectVersion = 56;
	objects = {

/* Begin PBXBuildFile section */
		9331266728BF1F5100FC8E01 /* AppDelegate.swift in Sources */ = {isa = PBXBuildFile; fileRef = 9331266628BF1F5100FC8E01 /* AppDelegate.swift */; };
		9331266928BF1F5100FC8E01 /* SceneDelegate.swift in Sources */ = {isa = PBXBuildFile; fileRef = 9331266828BF1F5100FC8E01 /* SceneDelegate.swift */; };
		9331266B28BF1F5100FC8E01 /* NoteListViewController.swift in Sources */ = {isa = PBXBuildFile; fileRef = 9331266A28BF1F5100FC8E01 /* NoteListViewController.swift */; };
		9331266E28BF1F5100FC8E01 /* Main.storyboard in Resources */ = {isa = PBXBuildFile; fileRef = 9331266C28BF1F5100FC8E01 /* Main.storyboard */; };
		9331267028BF1F5300FC8E01 /* Assets.xcassets in Resources */ = {isa = PBXBuildFile; fileRef = 9331266F28BF1F5300FC8E01 /* Assets.xcassets */; };
		9331267328BF1F5300FC8E01 /* LaunchScreen.storyboard in Resources */ = {isa = PBXBuildFile; fileRef = 9331267128BF1F5300FC8E01 /* LaunchScreen.storyboard */; };
		9331267B28BF211300FC8E01 /* BaseViewController.swift in Sources */ = {isa = PBXBuildFile; fileRef = 9331267A28BF211300FC8E01 /* BaseViewController.swift */; };
		9331267E28BF213600FC8E01 /* BaseView.swift in Sources */ = {isa = PBXBuildFile; fileRef = 9331267D28BF213600FC8E01 /* BaseView.swift */; };
		9331268028BF222F00FC8E01 /* NoteListView.swift in Sources */ = {isa = PBXBuildFile; fileRef = 9331267F28BF222F00FC8E01 /* NoteListView.swift */; };
		9331268528BF22F100FC8E01 /* PopUpViewController.swift in Sources */ = {isa = PBXBuildFile; fileRef = 9331268428BF22F100FC8E01 /* PopUpViewController.swift */; };
		9331268728BF231500FC8E01 /* PopUpView.swift in Sources */ = {isa = PBXBuildFile; fileRef = 9331268628BF231500FC8E01 /* PopUpView.swift */; };
		9331268928BF235300FC8E01 /* WriteViewController.swift in Sources */ = {isa = PBXBuildFile; fileRef = 9331268828BF235300FC8E01 /* WriteViewController.swift */; };
		9331268B28BF236F00FC8E01 /* WriteView.swift in Sources */ = {isa = PBXBuildFile; fileRef = 9331268A28BF236F00FC8E01 /* WriteView.swift */; };
		9331268E28BF24AA00FC8E01 /* SnapKit in Frameworks */ = {isa = PBXBuildFile; productRef = 9331268D28BF24AA00FC8E01 /* SnapKit */; };
		9331269128BF24DE00FC8E01 /* Realm in Frameworks */ = {isa = PBXBuildFile; productRef = 9331269028BF24DE00FC8E01 /* Realm */; };
		9331269328BF24DE00FC8E01 /* RealmSwift in Frameworks */ = {isa = PBXBuildFile; productRef = 9331269228BF24DE00FC8E01 /* RealmSwift */; };
		9331269928BF343100FC8E01 /* NoteListTableViewCell.swift in Sources */ = {isa = PBXBuildFile; fileRef = 9331269828BF343100FC8E01 /* NoteListTableViewCell.swift */; };
		9331269E28BF45F600FC8E01 /* NoteTable.swift in Sources */ = {isa = PBXBuildFile; fileRef = 9331269D28BF45F600FC8E01 /* NoteTable.swift */; };
		9375E454290A6E9C00562D8B /* NoteListViewModel.swift in Sources */ = {isa = PBXBuildFile; fileRef = 9375E453290A6E9C00562D8B /* NoteListViewModel.swift */; };
		9375E457290A6EBE00562D8B /* RxCocoa in Frameworks */ = {isa = PBXBuildFile; productRef = 9375E456290A6EBE00562D8B /* RxCocoa */; };
		9375E459290A6EBE00562D8B /* RxSwift in Frameworks */ = {isa = PBXBuildFile; productRef = 9375E458290A6EBE00562D8B /* RxSwift */; };
		937C739428C1EA9700CB7057 /* String+Extension.swift in Sources */ = {isa = PBXBuildFile; fileRef = 937C739328C1EA9700CB7057 /* String+Extension.swift */; };
		93AB484528BF4776007A3A55 /* NoteRealm.swift in Sources */ = {isa = PBXBuildFile; fileRef = 93AB484428BF4776007A3A55 /* NoteRealm.swift */; };
		93C18DC128C5001F006E13F8 /* IQKeyboardManagerSwift in Frameworks */ = {isa = PBXBuildFile; productRef = 93C18DC028C5001F006E13F8 /* IQKeyboardManagerSwift */; };
/* End PBXBuildFile section */

/* Begin PBXFileReference section */
		9331266328BF1F5100FC8E01 /* Note_Eval.app */ = {isa = PBXFileReference; explicitFileType = wrapper.application; includeInIndex = 0; path = Note_Eval.app; sourceTree = BUILT_PRODUCTS_DIR; };
		9331266628BF1F5100FC8E01 /* AppDelegate.swift */ = {isa = PBXFileReference; lastKnownFileType = sourcecode.swift; path = AppDelegate.swift; sourceTree = "<group>"; };
		9331266828BF1F5100FC8E01 /* SceneDelegate.swift */ = {isa = PBXFileReference; lastKnownFileType = sourcecode.swift; path = SceneDelegate.swift; sourceTree = "<group>"; };
		9331266A28BF1F5100FC8E01 /* NoteListViewController.swift */ = {isa = PBXFileReference; lastKnownFileType = sourcecode.swift; path = NoteListViewController.swift; sourceTree = "<group>"; };
		9331266D28BF1F5100FC8E01 /* Base */ = {isa = PBXFileReference; lastKnownFileType = file.storyboard; name = Base; path = Base.lproj/Main.storyboard; sourceTree = "<group>"; };
		9331266F28BF1F5300FC8E01 /* Assets.xcassets */ = {isa = PBXFileReference; lastKnownFileType = folder.assetcatalog; path = Assets.xcassets; sourceTree = "<group>"; };
		9331267228BF1F5300FC8E01 /* Base */ = {isa = PBXFileReference; lastKnownFileType = file.storyboard; name = Base; path = Base.lproj/LaunchScreen.storyboard; sourceTree = "<group>"; };
		9331267428BF1F5300FC8E01 /* Info.plist */ = {isa = PBXFileReference; lastKnownFileType = text.plist.xml; path = Info.plist; sourceTree = "<group>"; };
		9331267A28BF211300FC8E01 /* BaseViewController.swift */ = {isa = PBXFileReference; lastKnownFileType = sourcecode.swift; path = BaseViewController.swift; sourceTree = "<group>"; };
		9331267D28BF213600FC8E01 /* BaseView.swift */ = {isa = PBXFileReference; lastKnownFileType = sourcecode.swift; path = BaseView.swift; sourceTree = "<group>"; };
		9331267F28BF222F00FC8E01 /* NoteListView.swift */ = {isa = PBXFileReference; lastKnownFileType = sourcecode.swift; path = NoteListView.swift; sourceTree = "<group>"; };
		9331268428BF22F100FC8E01 /* PopUpViewController.swift */ = {isa = PBXFileReference; lastKnownFileType = sourcecode.swift; path = PopUpViewController.swift; sourceTree = "<group>"; };
		9331268628BF231500FC8E01 /* PopUpView.swift */ = {isa = PBXFileReference; lastKnownFileType = sourcecode.swift; path = PopUpView.swift; sourceTree = "<group>"; };
		9331268828BF235300FC8E01 /* WriteViewController.swift */ = {isa = PBXFileReference; lastKnownFileType = sourcecode.swift; path = WriteViewController.swift; sourceTree = "<group>"; };
		9331268A28BF236F00FC8E01 /* WriteView.swift */ = {isa = PBXFileReference; lastKnownFileType = sourcecode.swift; path = WriteView.swift; sourceTree = "<group>"; };
		9331269828BF343100FC8E01 /* NoteListTableViewCell.swift */ = {isa = PBXFileReference; lastKnownFileType = sourcecode.swift; path = NoteListTableViewCell.swift; sourceTree = "<group>"; };
		9331269D28BF45F600FC8E01 /* NoteTable.swift */ = {isa = PBXFileReference; lastKnownFileType = sourcecode.swift; path = NoteTable.swift; sourceTree = "<group>"; };
		9375E453290A6E9C00562D8B /* NoteListViewModel.swift */ = {isa = PBXFileReference; lastKnownFileType = sourcecode.swift; path = NoteListViewModel.swift; sourceTree = "<group>"; };
		937C739328C1EA9700CB7057 /* String+Extension.swift */ = {isa = PBXFileReference; lastKnownFileType = sourcecode.swift; path = "String+Extension.swift"; sourceTree = "<group>"; };
		93AB484428BF4776007A3A55 /* NoteRealm.swift */ = {isa = PBXFileReference; lastKnownFileType = sourcecode.swift; path = NoteRealm.swift; sourceTree = "<group>"; };
/* End PBXFileReference section */

/* Begin PBXFrameworksBuildPhase section */
		9331266028BF1F5100FC8E01 /* Frameworks */ = {
			isa = PBXFrameworksBuildPhase;
			buildActionMask = 2147483647;
			files = (
				9375E459290A6EBE00562D8B /* RxSwift in Frameworks */,
				9331269328BF24DE00FC8E01 /* RealmSwift in Frameworks */,
				93C18DC128C5001F006E13F8 /* IQKeyboardManagerSwift in Frameworks */,
				9375E457290A6EBE00562D8B /* RxCocoa in Frameworks */,
				9331269128BF24DE00FC8E01 /* Realm in Frameworks */,
				9331268E28BF24AA00FC8E01 /* SnapKit in Frameworks */,
			);
			runOnlyForDeploymentPostprocessing = 0;
		};
/* End PBXFrameworksBuildPhase section */

/* Begin PBXGroup section */
		9331265A28BF1F5100FC8E01 = {
			isa = PBXGroup;
			children = (
				9331266528BF1F5100FC8E01 /* Note_Eval */,
				9331266428BF1F5100FC8E01 /* Products */,
			);
			sourceTree = "<group>";
		};
		9331266428BF1F5100FC8E01 /* Products */ = {
			isa = PBXGroup;
			children = (
				9331266328BF1F5100FC8E01 /* Note_Eval.app */,
			);
			name = Products;
			sourceTree = "<group>";
		};
		9331266528BF1F5100FC8E01 /* Note_Eval */ = {
			isa = PBXGroup;
			children = (
				9331266628BF1F5100FC8E01 /* AppDelegate.swift */,
				9331266828BF1F5100FC8E01 /* SceneDelegate.swift */,
				937C739228C1EA7E00CB7057 /* Extension */,
				9331269C28BF45E700FC8E01 /* Data */,
				9331268328BF227300FC8E01 /* WriteScene */,
				9331268228BF226200FC8E01 /* PopUpScene */,
				9331268128BF225300FC8E01 /* NoteListScene */,
				9331267C28BF212A00FC8E01 /* Base */,
				9331266C28BF1F5100FC8E01 /* Main.storyboard */,
				9331266F28BF1F5300FC8E01 /* Assets.xcassets */,
				9331267128BF1F5300FC8E01 /* LaunchScreen.storyboard */,
				9331267428BF1F5300FC8E01 /* Info.plist */,
			);
			path = Note_Eval;
			sourceTree = "<group>";
		};
		9331267C28BF212A00FC8E01 /* Base */ = {
			isa = PBXGroup;
			children = (
				9331267A28BF211300FC8E01 /* BaseViewController.swift */,
				9331267D28BF213600FC8E01 /* BaseView.swift */,
			);
			path = Base;
			sourceTree = "<group>";
		};
		9331268128BF225300FC8E01 /* NoteListScene */ = {
			isa = PBXGroup;
			children = (
				9331266A28BF1F5100FC8E01 /* NoteListViewController.swift */,
				9331267F28BF222F00FC8E01 /* NoteListView.swift */,
				9375E453290A6E9C00562D8B /* NoteListViewModel.swift */,
				9331269828BF343100FC8E01 /* NoteListTableViewCell.swift */,
			);
			path = NoteListScene;
			sourceTree = "<group>";
		};
		9331268228BF226200FC8E01 /* PopUpScene */ = {
			isa = PBXGroup;
			children = (
				9331268428BF22F100FC8E01 /* PopUpViewController.swift */,
				9331268628BF231500FC8E01 /* PopUpView.swift */,
			);
			path = PopUpScene;
			sourceTree = "<group>";
		};
		9331268328BF227300FC8E01 /* WriteScene */ = {
			isa = PBXGroup;
			children = (
				9331268828BF235300FC8E01 /* WriteViewController.swift */,
				9331268A28BF236F00FC8E01 /* WriteView.swift */,
			);
			path = WriteScene;
			sourceTree = "<group>";
		};
		9331269C28BF45E700FC8E01 /* Data */ = {
			isa = PBXGroup;
			children = (
				9331269D28BF45F600FC8E01 /* NoteTable.swift */,
				93AB484428BF4776007A3A55 /* NoteRealm.swift */,
			);
			path = Data;
			sourceTree = "<group>";
		};
		937C739228C1EA7E00CB7057 /* Extension */ = {
			isa = PBXGroup;
			children = (
				937C739328C1EA9700CB7057 /* String+Extension.swift */,
			);
			path = Extension;
			sourceTree = "<group>";
		};
/* End PBXGroup section */

/* Begin PBXNativeTarget section */
		9331266228BF1F5100FC8E01 /* Note_Eval */ = {
			isa = PBXNativeTarget;
			buildConfigurationList = 9331267728BF1F5300FC8E01 /* Build configuration list for PBXNativeTarget "Note_Eval" */;
			buildPhases = (
				9331265F28BF1F5100FC8E01 /* Sources */,
				9331266028BF1F5100FC8E01 /* Frameworks */,
				9331266128BF1F5100FC8E01 /* Resources */,
			);
			buildRules = (
			);
			dependencies = (
			);
			name = Note_Eval;
			packageProductDependencies = (
				9331268D28BF24AA00FC8E01 /* SnapKit */,
				9331269028BF24DE00FC8E01 /* Realm */,
				9331269228BF24DE00FC8E01 /* RealmSwift */,
				93C18DC028C5001F006E13F8 /* IQKeyboardManagerSwift */,
				9375E456290A6EBE00562D8B /* RxCocoa */,
				9375E458290A6EBE00562D8B /* RxSwift */,
			);
			productName = Note_Eval;
			productReference = 9331266328BF1F5100FC8E01 /* Note_Eval.app */;
			productType = "com.apple.product-type.application";
		};
/* End PBXNativeTarget section */

/* Begin PBXProject section */
		9331265B28BF1F5100FC8E01 /* Project object */ = {
			isa = PBXProject;
			attributes = {
				BuildIndependentTargetsInParallel = 1;
				LastSwiftUpdateCheck = 1400;
				LastUpgradeCheck = 1400;
				TargetAttributes = {
					9331266228BF1F5100FC8E01 = {
						CreatedOnToolsVersion = 14.0;
					};
				};
			};
			buildConfigurationList = 9331265E28BF1F5100FC8E01 /* Build configuration list for PBXProject "Note_Eval" */;
			compatibilityVersion = "Xcode 14.0";
			developmentRegion = en;
			hasScannedForEncodings = 0;
			knownRegions = (
				en,
				Base,
			);
			mainGroup = 9331265A28BF1F5100FC8E01;
			packageReferences = (
				9331268C28BF24AA00FC8E01 /* XCRemoteSwiftPackageReference "SnapKit" */,
				9331268F28BF24DE00FC8E01 /* XCRemoteSwiftPackageReference "realm-swift" */,
				93C18DBF28C5001F006E13F8 /* XCRemoteSwiftPackageReference "IQKeyboardManager" */,
				9375E455290A6EBE00562D8B /* XCRemoteSwiftPackageReference "RxSwift" */,
			);
			productRefGroup = 9331266428BF1F5100FC8E01 /* Products */;
			projectDirPath = "";
			projectRoot = "";
			targets = (
				9331266228BF1F5100FC8E01 /* Note_Eval */,
			);
		};
/* End PBXProject section */

/* Begin PBXResourcesBuildPhase section */
		9331266128BF1F5100FC8E01 /* Resources */ = {
			isa = PBXResourcesBuildPhase;
			buildActionMask = 2147483647;
			files = (
				9331267328BF1F5300FC8E01 /* LaunchScreen.storyboard in Resources */,
				9331267028BF1F5300FC8E01 /* Assets.xcassets in Resources */,
				9331266E28BF1F5100FC8E01 /* Main.storyboard in Resources */,
			);
			runOnlyForDeploymentPostprocessing = 0;
		};
/* End PBXResourcesBuildPhase section */

/* Begin PBXSourcesBuildPhase section */
		9331265F28BF1F5100FC8E01 /* Sources */ = {
			isa = PBXSourcesBuildPhase;
			buildActionMask = 2147483647;
			files = (
				9331269E28BF45F600FC8E01 /* NoteTable.swift in Sources */,
				9331268928BF235300FC8E01 /* WriteViewController.swift in Sources */,
				9331266B28BF1F5100FC8E01 /* NoteListViewController.swift in Sources */,
				9331269928BF343100FC8E01 /* NoteListTableViewCell.swift in Sources */,
				9331268B28BF236F00FC8E01 /* WriteView.swift in Sources */,
				9331268728BF231500FC8E01 /* PopUpView.swift in Sources */,
				9331267B28BF211300FC8E01 /* BaseViewController.swift in Sources */,
				9331268528BF22F100FC8E01 /* PopUpViewController.swift in Sources */,
				9375E454290A6E9C00562D8B /* NoteListViewModel.swift in Sources */,
				937C739428C1EA9700CB7057 /* String+Extension.swift in Sources */,
				9331267E28BF213600FC8E01 /* BaseView.swift in Sources */,
				9331268028BF222F00FC8E01 /* NoteListView.swift in Sources */,
				93AB484528BF4776007A3A55 /* NoteRealm.swift in Sources */,
				9331266728BF1F5100FC8E01 /* AppDelegate.swift in Sources */,
				9331266928BF1F5100FC8E01 /* SceneDelegate.swift in Sources */,
			);
			runOnlyForDeploymentPostprocessing = 0;
		};
/* End PBXSourcesBuildPhase section */

/* Begin PBXVariantGroup section */
		9331266C28BF1F5100FC8E01 /* Main.storyboard */ = {
			isa = PBXVariantGroup;
			children = (
				9331266D28BF1F5100FC8E01 /* Base */,
			);
			name = Main.storyboard;
			sourceTree = "<group>";
		};
		9331267128BF1F5300FC8E01 /* LaunchScreen.storyboard */ = {
			isa = PBXVariantGroup;
			children = (
				9331267228BF1F5300FC8E01 /* Base */,
			);
			name = LaunchScreen.storyboard;
			sourceTree = "<group>";
		};
/* End PBXVariantGroup section */

/* Begin XCBuildConfiguration section */
		9331267528BF1F5300FC8E01 /* Debug */ = {
			isa = XCBuildConfiguration;
			buildSettings = {
				ALWAYS_SEARCH_USER_PATHS = NO;
				CLANG_ANALYZER_NONNULL = YES;
				CLANG_ANALYZER_NUMBER_OBJECT_CONVERSION = YES_AGGRESSIVE;
				CLANG_CXX_LANGUAGE_STANDARD = "gnu++17";
				CLANG_ENABLE_MODULES = YES;
				CLANG_ENABLE_OBJC_ARC = YES;
				CLANG_ENABLE_OBJC_WEAK = YES;
				CLANG_WARN_BLOCK_CAPTURE_AUTORELEASING = YES;
				CLANG_WARN_BOOL_CONVERSION = YES;
				CLANG_WARN_COMMA = YES;
				CLANG_WARN_CONSTANT_CONVERSION = YES;
				CLANG_WARN_DEPRECATED_OBJC_IMPLEMENTATIONS = YES;
				CLANG_WARN_DIRECT_OBJC_ISA_USAGE = YES_ERROR;
				CLANG_WARN_DOCUMENTATION_COMMENTS = YES;
				CLANG_WARN_EMPTY_BODY = YES;
				CLANG_WARN_ENUM_CONVERSION = YES;
				CLANG_WARN_INFINITE_RECURSION = YES;
				CLANG_WARN_INT_CONVERSION = YES;
				CLANG_WARN_NON_LITERAL_NULL_CONVERSION = YES;
				CLANG_WARN_OBJC_IMPLICIT_RETAIN_SELF = YES;
				CLANG_WARN_OBJC_LITERAL_CONVERSION = YES;
				CLANG_WARN_OBJC_ROOT_CLASS = YES_ERROR;
				CLANG_WARN_QUOTED_INCLUDE_IN_FRAMEWORK_HEADER = YES;
				CLANG_WARN_RANGE_LOOP_ANALYSIS = YES;
				CLANG_WARN_STRICT_PROTOTYPES = YES;
				CLANG_WARN_SUSPICIOUS_MOVE = YES;
				CLANG_WARN_UNGUARDED_AVAILABILITY = YES_AGGRESSIVE;
				CLANG_WARN_UNREACHABLE_CODE = YES;
				CLANG_WARN__DUPLICATE_METHOD_MATCH = YES;
				COPY_PHASE_STRIP = NO;
				DEBUG_INFORMATION_FORMAT = dwarf;
				ENABLE_STRICT_OBJC_MSGSEND = YES;
				ENABLE_TESTABILITY = YES;
				GCC_C_LANGUAGE_STANDARD = gnu11;
				GCC_DYNAMIC_NO_PIC = NO;
				GCC_NO_COMMON_BLOCKS = YES;
				GCC_OPTIMIZATION_LEVEL = 0;
				GCC_PREPROCESSOR_DEFINITIONS = (
					"DEBUG=1",
					"$(inherited)",
				);
				GCC_WARN_64_TO_32_BIT_CONVERSION = YES;
				GCC_WARN_ABOUT_RETURN_TYPE = YES_ERROR;
				GCC_WARN_UNDECLARED_SELECTOR = YES;
				GCC_WARN_UNINITIALIZED_AUTOS = YES_AGGRESSIVE;
				GCC_WARN_UNUSED_FUNCTION = YES;
				GCC_WARN_UNUSED_VARIABLE = YES;
				IPHONEOS_DEPLOYMENT_TARGET = 16.0;
				MTL_ENABLE_DEBUG_INFO = INCLUDE_SOURCE;
				MTL_FAST_MATH = YES;
				ONLY_ACTIVE_ARCH = YES;
				SDKROOT = iphoneos;
				SWIFT_ACTIVE_COMPILATION_CONDITIONS = DEBUG;
				SWIFT_OPTIMIZATION_LEVEL = "-Onone";
			};
			name = Debug;
		};
		9331267628BF1F5300FC8E01 /* Release */ = {
			isa = XCBuildConfiguration;
			buildSettings = {
				ALWAYS_SEARCH_USER_PATHS = NO;
				CLANG_ANALYZER_NONNULL = YES;
				CLANG_ANALYZER_NUMBER_OBJECT_CONVERSION = YES_AGGRESSIVE;
				CLANG_CXX_LANGUAGE_STANDARD = "gnu++17";
				CLANG_ENABLE_MODULES = YES;
				CLANG_ENABLE_OBJC_ARC = YES;
				CLANG_ENABLE_OBJC_WEAK = YES;
				CLANG_WARN_BLOCK_CAPTURE_AUTORELEASING = YES;
				CLANG_WARN_BOOL_CONVERSION = YES;
				CLANG_WARN_COMMA = YES;
				CLANG_WARN_CONSTANT_CONVERSION = YES;
				CLANG_WARN_DEPRECATED_OBJC_IMPLEMENTATIONS = YES;
				CLANG_WARN_DIRECT_OBJC_ISA_USAGE = YES_ERROR;
				CLANG_WARN_DOCUMENTATION_COMMENTS = YES;
				CLANG_WARN_EMPTY_BODY = YES;
				CLANG_WARN_ENUM_CONVERSION = YES;
				CLANG_WARN_INFINITE_RECURSION = YES;
				CLANG_WARN_INT_CONVERSION = YES;
				CLANG_WARN_NON_LITERAL_NULL_CONVERSION = YES;
				CLANG_WARN_OBJC_IMPLICIT_RETAIN_SELF = YES;
				CLANG_WARN_OBJC_LITERAL_CONVERSION = YES;
				CLANG_WARN_OBJC_ROOT_CLASS = YES_ERROR;
				CLANG_WARN_QUOTED_INCLUDE_IN_FRAMEWORK_HEADER = YES;
				CLANG_WARN_RANGE_LOOP_ANALYSIS = YES;
				CLANG_WARN_STRICT_PROTOTYPES = YES;
				CLANG_WARN_SUSPICIOUS_MOVE = YES;
				CLANG_WARN_UNGUARDED_AVAILABILITY = YES_AGGRESSIVE;
				CLANG_WARN_UNREACHABLE_CODE = YES;
				CLANG_WARN__DUPLICATE_METHOD_MATCH = YES;
				COPY_PHASE_STRIP = NO;
				DEBUG_INFORMATION_FORMAT = "dwarf-with-dsym";
				ENABLE_NS_ASSERTIONS = NO;
				ENABLE_STRICT_OBJC_MSGSEND = YES;
				GCC_C_LANGUAGE_STANDARD = gnu11;
				GCC_NO_COMMON_BLOCKS = YES;
				GCC_WARN_64_TO_32_BIT_CONVERSION = YES;
				GCC_WARN_ABOUT_RETURN_TYPE = YES_ERROR;
				GCC_WARN_UNDECLARED_SELECTOR = YES;
				GCC_WARN_UNINITIALIZED_AUTOS = YES_AGGRESSIVE;
				GCC_WARN_UNUSED_FUNCTION = YES;
				GCC_WARN_UNUSED_VARIABLE = YES;
				IPHONEOS_DEPLOYMENT_TARGET = 16.0;
				MTL_ENABLE_DEBUG_INFO = NO;
				MTL_FAST_MATH = YES;
				SDKROOT = iphoneos;
				SWIFT_COMPILATION_MODE = wholemodule;
				SWIFT_OPTIMIZATION_LEVEL = "-O";
				VALIDATE_PRODUCT = YES;
			};
			name = Release;
		};
		9331267828BF1F5300FC8E01 /* Debug */ = {
			isa = XCBuildConfiguration;
			buildSettings = {
				ASSETCATALOG_COMPILER_APPICON_NAME = AppIcon;
				ASSETCATALOG_COMPILER_GLOBAL_ACCENT_COLOR_NAME = AccentColor;
				CODE_SIGN_STYLE = Automatic;
				CURRENT_PROJECT_VERSION = 1;
				DEVELOPMENT_TEAM = FQ63CT4A3G;
				GENERATE_INFOPLIST_FILE = YES;
				INFOPLIST_FILE = Note_Eval/Info.plist;
				INFOPLIST_KEY_CFBundleDisplayName = "김태수";
				INFOPLIST_KEY_UIApplicationSupportsIndirectInputEvents = YES;
				INFOPLIST_KEY_UILaunchStoryboardName = LaunchScreen;
				INFOPLIST_KEY_UIMainStoryboardFile = Main;
				INFOPLIST_KEY_UISupportedInterfaceOrientations_iPad = "UIInterfaceOrientationPortrait UIInterfaceOrientationPortraitUpsideDown UIInterfaceOrientationLandscapeLeft UIInterfaceOrientationLandscapeRight";
				INFOPLIST_KEY_UISupportedInterfaceOrientations_iPhone = "UIInterfaceOrientationPortrait UIInterfaceOrientationLandscapeLeft UIInterfaceOrientationLandscapeRight";
				IPHONEOS_DEPLOYMENT_TARGET = 13.0;
				LD_RUNPATH_SEARCH_PATHS = (
					"$(inherited)",
					"@executable_path/Frameworks",
				);
				MARKETING_VERSION = 1.0;
				PRODUCT_BUNDLE_IDENTIFIER = "tekim.Note-Eval";
				PRODUCT_NAME = "$(TARGET_NAME)";
				SWIFT_EMIT_LOC_STRINGS = YES;
				SWIFT_VERSION = 5.0;
				TARGETED_DEVICE_FAMILY = "1,2";
			};
			name = Debug;
		};
		9331267928BF1F5300FC8E01 /* Release */ = {
			isa = XCBuildConfiguration;
			buildSettings = {
				ASSETCATALOG_COMPILER_APPICON_NAME = AppIcon;
				ASSETCATALOG_COMPILER_GLOBAL_ACCENT_COLOR_NAME = AccentColor;
				CODE_SIGN_STYLE = Automatic;
				CURRENT_PROJECT_VERSION = 1;
				DEVELOPMENT_TEAM = FQ63CT4A3G;
				GENERATE_INFOPLIST_FILE = YES;
				INFOPLIST_FILE = Note_Eval/Info.plist;
				INFOPLIST_KEY_CFBundleDisplayName = "김태수";
				INFOPLIST_KEY_UIApplicationSupportsIndirectInputEvents = YES;
				INFOPLIST_KEY_UILaunchStoryboardName = LaunchScreen;
				INFOPLIST_KEY_UIMainStoryboardFile = Main;
				INFOPLIST_KEY_UISupportedInterfaceOrientations_iPad = "UIInterfaceOrientationPortrait UIInterfaceOrientationPortraitUpsideDown UIInterfaceOrientationLandscapeLeft UIInterfaceOrientationLandscapeRight";
				INFOPLIST_KEY_UISupportedInterfaceOrientations_iPhone = "UIInterfaceOrientationPortrait UIInterfaceOrientationLandscapeLeft UIInterfaceOrientationLandscapeRight";
				IPHONEOS_DEPLOYMENT_TARGET = 13.0;
				LD_RUNPATH_SEARCH_PATHS = (
					"$(inherited)",
					"@executable_path/Frameworks",
				);
				MARKETING_VERSION = 1.0;
				PRODUCT_BUNDLE_IDENTIFIER = "tekim.Note-Eval";
				PRODUCT_NAME = "$(TARGET_NAME)";
				SWIFT_EMIT_LOC_STRINGS = YES;
				SWIFT_VERSION = 5.0;
				TARGETED_DEVICE_FAMILY = "1,2";
			};
			name = Release;
		};
/* End XCBuildConfiguration section */

/* Begin XCConfigurationList section */
		9331265E28BF1F5100FC8E01 /* Build configuration list for PBXProject "Note_Eval" */ = {
			isa = XCConfigurationList;
			buildConfigurations = (
				9331267528BF1F5300FC8E01 /* Debug */,
				9331267628BF1F5300FC8E01 /* Release */,
			);
			defaultConfigurationIsVisible = 0;
			defaultConfigurationName = Release;
		};
		9331267728BF1F5300FC8E01 /* Build configuration list for PBXNativeTarget "Note_Eval" */ = {
			isa = XCConfigurationList;
			buildConfigurations = (
				9331267828BF1F5300FC8E01 /* Debug */,
				9331267928BF1F5300FC8E01 /* Release */,
			);
			defaultConfigurationIsVisible = 0;
			defaultConfigurationName = Release;
		};
/* End XCConfigurationList section */

/* Begin XCRemoteSwiftPackageReference section */
		9331268C28BF24AA00FC8E01 /* XCRemoteSwiftPackageReference "SnapKit" */ = {
			isa = XCRemoteSwiftPackageReference;
			repositoryURL = "https://github.com/SnapKit/SnapKit.git";
			requirement = {
				kind = upToNextMajorVersion;
				minimumVersion = 5.0.0;
			};
		};
		9331268F28BF24DE00FC8E01 /* XCRemoteSwiftPackageReference "realm-swift" */ = {
			isa = XCRemoteSwiftPackageReference;
			repositoryURL = "https://github.com/realm/realm-swift.git";
			requirement = {
				kind = upToNextMajorVersion;
				minimumVersion = 10.0.0;
			};
		};
		9375E455290A6EBE00562D8B /* XCRemoteSwiftPackageReference "RxSwift" */ = {
			isa = XCRemoteSwiftPackageReference;
			repositoryURL = "https://github.com/ReactiveX/RxSwift.git";
			requirement = {
				kind = upToNextMajorVersion;
				minimumVersion = 6.0.0;
			};
		};
		93C18DBF28C5001F006E13F8 /* XCRemoteSwiftPackageReference "IQKeyboardManager" */ = {
			isa = XCRemoteSwiftPackageReference;
			repositoryURL = "https://github.com/hackiftekhar/IQKeyboardManager.git";
			requirement = {
				kind = upToNextMajorVersion;
				minimumVersion = 6.3.0;
			};
		};
/* End XCRemoteSwiftPackageReference section */

/* Begin XCSwiftPackageProductDependency section */
		9331268D28BF24AA00FC8E01 /* SnapKit */ = {
			isa = XCSwiftPackageProductDependency;
			package = 9331268C28BF24AA00FC8E01 /* XCRemoteSwiftPackageReference "SnapKit" */;
			productName = SnapKit;
		};
		9331269028BF24DE00FC8E01 /* Realm */ = {
			isa = XCSwiftPackageProductDependency;
			package = 9331268F28BF24DE00FC8E01 /* XCRemoteSwiftPackageReference "realm-swift" */;
			productName = Realm;
		};
		9331269228BF24DE00FC8E01 /* RealmSwift */ = {
			isa = XCSwiftPackageProductDependency;
			package = 9331268F28BF24DE00FC8E01 /* XCRemoteSwiftPackageReference "realm-swift" */;
			productName = RealmSwift;
		};
		9375E456290A6EBE00562D8B /* RxCocoa */ = {
			isa = XCSwiftPackageProductDependency;
			package = 9375E455290A6EBE00562D8B /* XCRemoteSwiftPackageReference "RxSwift" */;
			productName = RxCocoa;
		};
		9375E458290A6EBE00562D8B /* RxSwift */ = {
			isa = XCSwiftPackageProductDependency;
			package = 9375E455290A6EBE00562D8B /* XCRemoteSwiftPackageReference "RxSwift" */;
			productName = RxSwift;
		};
		93C18DC028C5001F006E13F8 /* IQKeyboardManagerSwift */ = {
			isa = XCSwiftPackageProductDependency;
			package = 93C18DBF28C5001F006E13F8 /* XCRemoteSwiftPackageReference "IQKeyboardManager" */;
			productName = IQKeyboardManagerSwift;
		};
/* End XCSwiftPackageProductDependency section */
	};
	rootObject = 9331265B28BF1F5100FC8E01 /* Project object */;
}
